
Microsoft Visual Studio Solution File, Format Version 12.00
# Visual Studio Version 17
VisualStudioVersion = 17.0.32014.148
MinimumVisualStudioVersion = 10.0.40219.1
Project("{FAE04EC0-301F-11D3-BF4B-00C04F79EFBC}") = "EmployerPlugins", "EmployerPlugins\EmployerPlugins.csproj", "{53CF62AE-E805-4874-9E2A-34E51FC27415}"
EndProject
Global
	GlobalSection(SolutionConfigurationPlatforms) = preSolution
		Debug|Any CPU = Debug|Any CPU
		Release|Any CPU = Release|Any CPU
	EndGlobalSection
	GlobalSection(ProjectConfigurationPlatforms) = postSolution
		{53CF62AE-E805-4874-9E2A-34E51FC27415}.Debug|Any CPU.ActiveCfg = Debug|Any CPU
		{53CF62AE-E805-4874-9E2A-34E51FC27415}.Debug|Any CPU.Build.0 = Debug|Any CPU
		{53CF62AE-E805-4874-9E2A-34E51FC27415}.Release|Any CPU.ActiveCfg = Release|Any CPU
		{53CF62AE-E805-4874-9E2A-34E51FC27415}.Release|Any CPU.Build.0 = Release|Any CPU
	EndGlobalSection
	GlobalSection(SolutionProperties) = preSolution
		HideSolutionNode = FALSE
	EndGlobalSection
	GlobalSection(ExtensibilityGlobals) = postSolution
		SolutionGuid = {921C3378-7D6B-4D9D-949F-D41B60B02A7F}
	EndGlobalSection
EndGlobal
